<?xml version="1.0" encoding="utf-8"?>
<Project ToolsVersion="4.0" xmlns="http://schemas.microsoft.com/developer/msbuild/2003">
  <ItemGroup>
    <Filter Include="src">
      <UniqueIdentifier>{c8891c82-dd9c-477b-86d3-4183754e9151}</UniqueIdentifier>
    </Filter>
    <Filter Include="src\Game">
      <UniqueIdentifier>{c455ccb8-e889-4f0a-8418-7c04a1c8af6d}</UniqueIdentifier>
    </Filter>
    <Filter Include="src\Game\Math">
      <UniqueIdentifier>{72e44f16-a91a-430f-8ca3-282661b72648}</UniqueIdentifier>
    </Filter>
    <Filter Include="src\Game\Math\Form">
      <UniqueIdentifier>{b4f29590-03d2-40f7-9a7c-752c8a6d3c02}</UniqueIdentifier>
    </Filter>
    <Filter Include="src\Game\Math\Vector">
      <UniqueIdentifier>{97c65833-8384-4a7b-a1b3-0b89e4158065}</UniqueIdentifier>
    </Filter>
    <Filter Include="src\Game\Screen">
      <UniqueIdentifier>{069a1bdb-6930-4ed9-8cfb-e132c5c2b7e5}</UniqueIdentifier>
    </Filter>
    <Filter Include="src\Game\Text">
      <UniqueIdentifier>{9ca7773c-a523-40f0-9bd4-4efb5f2ca18d}</UniqueIdentifier>
    </Filter>
    <Filter Include="src\Game\Button">
      <UniqueIdentifier>{18022a47-8c44-4c2b-b3e7-6ce3945c6a04}</UniqueIdentifier>
    </Filter>
    <Filter Include="src\Game\Entities">
      <UniqueIdentifier>{b3fca124-6a61-4ce7-b6ee-21609d129ecd}</UniqueIdentifier>
    </Filter>
    <Filter Include="src\Game\Entities\Bird">
      <UniqueIdentifier>{0e34b4da-7be2-4e7e-9708-da979ec19a6f}</UniqueIdentifier>
    </Filter>
    <Filter Include="src\Game\Scene">
      <UniqueIdentifier>{0785af17-5e72-46a3-8baa-6e25ce4f67f8}</UniqueIdentifier>
    </Filter>
    <Filter Include="src\Game\Entities\Obstacle">
      <UniqueIdentifier>{75362ad4-454e-4e87-b0e4-a08407811568}</UniqueIdentifier>
    </Filter>
    <Filter Include="res">
      <UniqueIdentifier>{009374dc-53fd-4299-9301-1e6f2cb18006}</UniqueIdentifier>
    </Filter>
    <Filter Include="res\Sprites">
      <UniqueIdentifier>{12a2b516-3255-4aa9-93c6-98e2b078158d}</UniqueIdentifier>
    </Filter>
    <Filter Include="res\Sprites\Background">
      <UniqueIdentifier>{ba4c910a-6851-4d32-b339-4188e7c7209c}</UniqueIdentifier>
    </Filter>
    <Filter Include="res\Sprites\Background\City">
      <UniqueIdentifier>{951e37bc-d26a-40d0-b1af-5b3091fccf9d}</UniqueIdentifier>
    </Filter>
    <Filter Include="src\Game\Entities\Background">
      <UniqueIdentifier>{e18d0a88-6b81-406a-81e9-8fc36acdbdb2}</UniqueIdentifier>
    </Filter>
    <Filter Include="src\Game\Sprite">
      <UniqueIdentifier>{046393f6-f591-46c0-9e5d-8fa1dffe3ab5}</UniqueIdentifier>
    </Filter>
  </ItemGroup>
  <ItemGroup>
    <ClCompile Include="src\main.cpp">
      <Filter>src</Filter>
    </ClCompile>
    <ClCompile Include="src\Game\Math\Form\Form.cpp">
      <Filter>src\Game\Math\Form</Filter>
    </ClCompile>
    <ClCompile Include="src\Game\Math\Vector\Vector.cpp">
      <Filter>src\Game\Math\Vector</Filter>
    </ClCompile>
    <ClCompile Include="src\Game\Button\Button.cpp">
      <Filter>src\Game\Button</Filter>
    </ClCompile>
    <ClCompile Include="src\Game\Screen\Screen.cpp">
      <Filter>src\Game\Screen</Filter>
    </ClCompile>
    <ClCompile Include="src\Game\Game.cpp">
      <Filter>src\Game</Filter>
    </ClCompile>
    <ClCompile Include="src\Game\Entities\Bird\Bird.cpp">
      <Filter>src\Game\Entities\Bird</Filter>
    </ClCompile>
    <ClCompile Include="src\Game\GameScene\GameScene.cpp">
      <Filter>src\Game\Scene</Filter>
    </ClCompile>
    <ClCompile Include="src\Game\Entities\Obstacle\Obstacle.cpp">
      <Filter>src\Game\Entities\Obstacle</Filter>
    </ClCompile>
    <ClCompile Include="src\Game\Entities\Background\Background.cpp">
      <Filter>src\Game\Entities\Background</Filter>
    </ClCompile>
    <ClCompile Include="src\Game\Sprite\Sprite.cpp">
      <Filter>src\Game\Sprite</Filter>
    </ClCompile>
  </ItemGroup>
  <ItemGroup>
    <ClInclude Include="src\Game\Math\Form\Form.h">
      <Filter>src\Game\Math\Form</Filter>
    </ClInclude>
    <ClInclude Include="src\Game\Math\Vector\Vector.h">
      <Filter>src\Game\Math\Vector</Filter>
    </ClInclude>
    <ClInclude Include="src\Game\Button\Button.h">
      <Filter>src\Game\Button</Filter>
    </ClInclude>
    <ClInclude Include="src\Game\Text\Text.h">
      <Filter>src\Game\Text</Filter>
    </ClInclude>
    <ClInclude Include="src\Game\Screen\Screen.h">
      <Filter>src\Game\Screen</Filter>
    </ClInclude>
    <ClInclude Include="src\Game\Game.h">
      <Filter>src\Game</Filter>
    </ClInclude>
    <ClInclude Include="src\Game\Entities\Bird\Bird.h">
      <Filter>src\Game\Entities\Bird</Filter>
    </ClInclude>
    <ClInclude Include="src\Game\GameScene\GameScene.h">
      <Filter>src\Game\Scene</Filter>
    </ClInclude>
    <ClInclude Include="src\Game\Entities\Obstacle\Obstacle.h">
      <Filter>src\Game\Entities\Obstacle</Filter>
    </ClInclude>
    <ClInclude Include="src\Game\Entities\Background\Background.h">
      <Filter>src\Game\Entities\Background</Filter>
    </ClInclude>
    <ClInclude Include="src\Game\Sprite\Sprite.h">
      <Filter>src\Game\Sprite</Filter>
    </ClInclude>
  </ItemGroup>
  <ItemGroup>
    <Image Include="res\Sprites\Background\City\cyberpunk_street_background.png">
      <Filter>res\Sprites\Background\City</Filter>
    </Image>
    <Image Include="res\Sprites\Background\City\cyberpunk_street_foreground.png">
      <Filter>res\Sprites\Background\City</Filter>
    </Image>
    <Image Include="res\Sprites\Background\City\cyberpunk_street_midground.png">
      <Filter>res\Sprites\Background\City</Filter>
    </Image>
  </ItemGroup>
</Project>